
Microsoft Visual Studio Solution File, Format Version 12.00
# Visual Studio Version 16
VisualStudioVersion = 16.0.29613.14
MinimumVisualStudioVersion = 10.0.40219.1
Project("{FAE04EC0-301F-11D3-BF4B-00C04F79EFBC}") = "WindowsLoggingService", "WindowsLoggingService\WindowsLoggingService.csproj", "{1DD602AD-27E6-4F49-9B6C-CA4D35E10E1A}"
EndProject
Global
	GlobalSection(SolutionConfigurationPlatforms) = preSolution
		Debug|Any CPU = Debug|Any CPU
		Release|Any CPU = Release|Any CPU
	EndGlobalSection
	GlobalSection(ProjectConfigurationPlatforms) = postSolution
		{1DD602AD-27E6-4F49-9B6C-CA4D35E10E1A}.Debug|Any CPU.ActiveCfg = Debug|Any CPU
		{1DD602AD-27E6-4F49-9B6C-CA4D35E10E1A}.Debug|Any CPU.Build.0 = Debug|Any CPU
		{1DD602AD-27E6-4F49-9B6C-CA4D35E10E1A}.Release|Any CPU.ActiveCfg = Release|Any CPU
		{1DD602AD-27E6-4F49-9B6C-CA4D35E10E1A}.Release|Any CPU.Build.0 = Release|Any CPU
	EndGlobalSection
	GlobalSection(SolutionProperties) = preSolution
		HideSolutionNode = FALSE
	EndGlobalSection
	GlobalSection(ExtensibilityGlobals) = postSolution
		SolutionGuid = {A4BFD203-AFC4-4610-B7F2-E9D84B1B3AB8}
	EndGlobalSection
EndGlobal
