
Microsoft Visual Studio Solution File, Format Version 12.00
# Visual Studio Version 16
VisualStudioVersion = 16.0.29613.14
MinimumVisualStudioVersion = 10.0.40219.1
Project("{FAE04EC0-301F-11D3-BF4B-00C04F79EFBC}") = "PresentationLayer", "PresentationLayer\PresentationLayer.csproj", "{D9E87A19-E464-4DF6-82B0-97470D3EC7F9}"
EndProject
Project("{FAE04EC0-301F-11D3-BF4B-00C04F79EFBC}") = "Repository", "Repository\Repository.csproj", "{BD476457-09E0-4F06-B30A-537405BD232A}"
EndProject
Global
	GlobalSection(SolutionConfigurationPlatforms) = preSolution
		Debug|Any CPU = Debug|Any CPU
		Release|Any CPU = Release|Any CPU
	EndGlobalSection
	GlobalSection(ProjectConfigurationPlatforms) = postSolution
		{D9E87A19-E464-4DF6-82B0-97470D3EC7F9}.Debug|Any CPU.ActiveCfg = Debug|Any CPU
		{D9E87A19-E464-4DF6-82B0-97470D3EC7F9}.Debug|Any CPU.Build.0 = Debug|Any CPU
		{D9E87A19-E464-4DF6-82B0-97470D3EC7F9}.Release|Any CPU.ActiveCfg = Release|Any CPU
		{D9E87A19-E464-4DF6-82B0-97470D3EC7F9}.Release|Any CPU.Build.0 = Release|Any CPU
		{BD476457-09E0-4F06-B30A-537405BD232A}.Debug|Any CPU.ActiveCfg = Debug|Any CPU
		{BD476457-09E0-4F06-B30A-537405BD232A}.Debug|Any CPU.Build.0 = Debug|Any CPU
		{BD476457-09E0-4F06-B30A-537405BD232A}.Release|Any CPU.ActiveCfg = Release|Any CPU
		{BD476457-09E0-4F06-B30A-537405BD232A}.Release|Any CPU.Build.0 = Release|Any CPU
	EndGlobalSection
	GlobalSection(SolutionProperties) = preSolution
		HideSolutionNode = FALSE
	EndGlobalSection
	GlobalSection(ExtensibilityGlobals) = postSolution
		SolutionGuid = {8F4AB359-EF7A-461C-A849-6D9DA456B3B1}
	EndGlobalSection
EndGlobal
