
Microsoft Visual Studio Solution File, Format Version 12.00
# Visual Studio Version 16
VisualStudioVersion = 16.0.29613.14
MinimumVisualStudioVersion = 10.0.40219.1
Project("{FAE04EC0-301F-11D3-BF4B-00C04F79EFBC}") = "DataAccessLayer", "DataAccessLayer\DataAccessLayer.csproj", "{316366F2-BE76-4E8D-ACCA-D2CD4EEF5988}"
EndProject
Project("{FAE04EC0-301F-11D3-BF4B-00C04F79EFBC}") = "PresentationLayer", "PresentationLayer\PresentationLayer.csproj", "{461CFEE8-4711-4A96-A64A-88DF5E5F6351}"
EndProject
Project("{54435603-DBB4-11D2-8724-00A0C9A8B90C}") = "VSMTI", "VSMTI\VSMTI.vdproj", "{B42E34E3-8FEB-491F-992F-8FD2E5857396}"
EndProject
Global
	GlobalSection(SolutionConfigurationPlatforms) = preSolution
		Debug|Any CPU = Debug|Any CPU
		Release|Any CPU = Release|Any CPU
	EndGlobalSection
	GlobalSection(ProjectConfigurationPlatforms) = postSolution
		{316366F2-BE76-4E8D-ACCA-D2CD4EEF5988}.Debug|Any CPU.ActiveCfg = Debug|Any CPU
		{316366F2-BE76-4E8D-ACCA-D2CD4EEF5988}.Debug|Any CPU.Build.0 = Debug|Any CPU
		{316366F2-BE76-4E8D-ACCA-D2CD4EEF5988}.Release|Any CPU.ActiveCfg = Release|Any CPU
		{316366F2-BE76-4E8D-ACCA-D2CD4EEF5988}.Release|Any CPU.Build.0 = Release|Any CPU
		{461CFEE8-4711-4A96-A64A-88DF5E5F6351}.Debug|Any CPU.ActiveCfg = Debug|Any CPU
		{461CFEE8-4711-4A96-A64A-88DF5E5F6351}.Debug|Any CPU.Build.0 = Debug|Any CPU
		{461CFEE8-4711-4A96-A64A-88DF5E5F6351}.Release|Any CPU.ActiveCfg = Release|Any CPU
		{461CFEE8-4711-4A96-A64A-88DF5E5F6351}.Release|Any CPU.Build.0 = Release|Any CPU
		{B42E34E3-8FEB-491F-992F-8FD2E5857396}.Debug|Any CPU.ActiveCfg = Debug
		{B42E34E3-8FEB-491F-992F-8FD2E5857396}.Release|Any CPU.ActiveCfg = Release
	EndGlobalSection
	GlobalSection(SolutionProperties) = preSolution
		HideSolutionNode = FALSE
	EndGlobalSection
	GlobalSection(ExtensibilityGlobals) = postSolution
		SolutionGuid = {A4935636-F634-40B9-BF33-63A17418951B}
	EndGlobalSection
EndGlobal
