
Microsoft Visual Studio Solution File, Format Version 12.00
# Visual Studio Version 16
VisualStudioVersion = 16.0.29613.14
MinimumVisualStudioVersion = 10.0.40219.1
Project("{FAE04EC0-301F-11D3-BF4B-00C04F79EFBC}") = "Countries", "Countries\Countries.csproj", "{64328B0E-D690-46BD-B55D-CF3CA688CFAA}"
EndProject
Project("{FAE04EC0-301F-11D3-BF4B-00C04F79EFBC}") = "ConsoleAppTester", "ConsoleAppTester\ConsoleAppTester.csproj", "{B3F4BE38-EBEC-45D5-ADA1-7F882B880DF6}"
EndProject
Project("{FAE04EC0-301F-11D3-BF4B-00C04F79EFBC}") = "PresentationLayer", "PresentationLayer\PresentationLayer.csproj", "{74C63175-0576-41D3-8BB5-8F48CBBCAAA2}"
EndProject
Global
	GlobalSection(SolutionConfigurationPlatforms) = preSolution
		Debug|Any CPU = Debug|Any CPU
		Release|Any CPU = Release|Any CPU
	EndGlobalSection
	GlobalSection(ProjectConfigurationPlatforms) = postSolution
		{64328B0E-D690-46BD-B55D-CF3CA688CFAA}.Debug|Any CPU.ActiveCfg = Debug|Any CPU
		{64328B0E-D690-46BD-B55D-CF3CA688CFAA}.Debug|Any CPU.Build.0 = Debug|Any CPU
		{64328B0E-D690-46BD-B55D-CF3CA688CFAA}.Release|Any CPU.ActiveCfg = Release|Any CPU
		{64328B0E-D690-46BD-B55D-CF3CA688CFAA}.Release|Any CPU.Build.0 = Release|Any CPU
		{B3F4BE38-EBEC-45D5-ADA1-7F882B880DF6}.Debug|Any CPU.ActiveCfg = Debug|Any CPU
		{B3F4BE38-EBEC-45D5-ADA1-7F882B880DF6}.Debug|Any CPU.Build.0 = Debug|Any CPU
		{B3F4BE38-EBEC-45D5-ADA1-7F882B880DF6}.Release|Any CPU.ActiveCfg = Release|Any CPU
		{B3F4BE38-EBEC-45D5-ADA1-7F882B880DF6}.Release|Any CPU.Build.0 = Release|Any CPU
		{74C63175-0576-41D3-8BB5-8F48CBBCAAA2}.Debug|Any CPU.ActiveCfg = Debug|Any CPU
		{74C63175-0576-41D3-8BB5-8F48CBBCAAA2}.Debug|Any CPU.Build.0 = Debug|Any CPU
		{74C63175-0576-41D3-8BB5-8F48CBBCAAA2}.Release|Any CPU.ActiveCfg = Release|Any CPU
		{74C63175-0576-41D3-8BB5-8F48CBBCAAA2}.Release|Any CPU.Build.0 = Release|Any CPU
	EndGlobalSection
	GlobalSection(SolutionProperties) = preSolution
		HideSolutionNode = FALSE
	EndGlobalSection
	GlobalSection(ExtensibilityGlobals) = postSolution
		SolutionGuid = {C04B3FC1-5FE4-4152-8389-3C9271A9AF34}
	EndGlobalSection
EndGlobal
