
Microsoft Visual Studio Solution File, Format Version 12.00
# Visual Studio Version 16
VisualStudioVersion = 16.0.29613.14
MinimumVisualStudioVersion = 10.0.40219.1
Project("{FAE04EC0-301F-11D3-BF4B-00C04F79EFBC}") = "Zadatak_1", "Zadatak_1\Zadatak_1.csproj", "{33110DE5-47A5-4081-A93E-559C6C97F5DF}"
EndProject
Project("{FAE04EC0-301F-11D3-BF4B-00C04F79EFBC}") = "Calculation", "Calculation\Calculation.csproj", "{8FFF4B7E-B343-4774-8560-62230F61EDB0}"
EndProject
Project("{FAE04EC0-301F-11D3-BF4B-00C04F79EFBC}") = "WinFormsCalculator", "WinFormsCalculator\WinFormsCalculator.csproj", "{4737944A-3CDA-4BE8-9566-360B1208FDF8}"
EndProject
Global
	GlobalSection(SolutionConfigurationPlatforms) = preSolution
		Debug|Any CPU = Debug|Any CPU
		Release|Any CPU = Release|Any CPU
	EndGlobalSection
	GlobalSection(ProjectConfigurationPlatforms) = postSolution
		{33110DE5-47A5-4081-A93E-559C6C97F5DF}.Debug|Any CPU.ActiveCfg = Debug|Any CPU
		{33110DE5-47A5-4081-A93E-559C6C97F5DF}.Debug|Any CPU.Build.0 = Debug|Any CPU
		{33110DE5-47A5-4081-A93E-559C6C97F5DF}.Release|Any CPU.ActiveCfg = Release|Any CPU
		{33110DE5-47A5-4081-A93E-559C6C97F5DF}.Release|Any CPU.Build.0 = Release|Any CPU
		{8FFF4B7E-B343-4774-8560-62230F61EDB0}.Debug|Any CPU.ActiveCfg = Debug|Any CPU
		{8FFF4B7E-B343-4774-8560-62230F61EDB0}.Debug|Any CPU.Build.0 = Debug|Any CPU
		{8FFF4B7E-B343-4774-8560-62230F61EDB0}.Release|Any CPU.ActiveCfg = Release|Any CPU
		{8FFF4B7E-B343-4774-8560-62230F61EDB0}.Release|Any CPU.Build.0 = Release|Any CPU
		{4737944A-3CDA-4BE8-9566-360B1208FDF8}.Debug|Any CPU.ActiveCfg = Debug|Any CPU
		{4737944A-3CDA-4BE8-9566-360B1208FDF8}.Debug|Any CPU.Build.0 = Debug|Any CPU
		{4737944A-3CDA-4BE8-9566-360B1208FDF8}.Release|Any CPU.ActiveCfg = Release|Any CPU
		{4737944A-3CDA-4BE8-9566-360B1208FDF8}.Release|Any CPU.Build.0 = Release|Any CPU
	EndGlobalSection
	GlobalSection(SolutionProperties) = preSolution
		HideSolutionNode = FALSE
	EndGlobalSection
	GlobalSection(ExtensibilityGlobals) = postSolution
		SolutionGuid = {CEA64D4A-0C9D-4D7D-B6F3-24365CDFC841}
	EndGlobalSection
EndGlobal
